
Microsoft Visual Studio Solution File, Format Version 12.00
# Visual Studio Version 17
VisualStudioVersion = 17.3.32901.215
MinimumVisualStudioVersion = 10.0.40219.1
Project("{FAE04EC0-301F-11D3-BF4B-00C04F79EFBC}") = "DataBaseManegmentSystem", "DataBaseManegmentSystem.csproj", "{7A0037F9-A250-4AFB-B52C-E1F563856FEF}"
EndProject
Global
	GlobalSection(SolutionConfigurationPlatforms) = preSolution
		Debug|Any CPU = Debug|Any CPU
		Release|Any CPU = Release|Any CPU
	EndGlobalSection
	GlobalSection(ProjectConfigurationPlatforms) = postSolution
		{7A0037F9-A250-4AFB-B52C-E1F563856FEF}.Debug|Any CPU.ActiveCfg = Debug|Any CPU
		{7A0037F9-A250-4AFB-B52C-E1F563856FEF}.Debug|Any CPU.Build.0 = Debug|Any CPU
		{7A0037F9-A250-4AFB-B52C-E1F563856FEF}.Release|Any CPU.ActiveCfg = Release|Any CPU
		{7A0037F9-A250-4AFB-B52C-E1F563856FEF}.Release|Any CPU.Build.0 = Release|Any CPU
	EndGlobalSection
	GlobalSection(SolutionProperties) = preSolution
		HideSolutionNode = FALSE
	EndGlobalSection
	GlobalSection(ExtensibilityGlobals) = postSolution
		SolutionGuid = {0CD66EBD-1FFF-4DFE-BFE6-357D266060CF}
	EndGlobalSection
EndGlobal
